
Microsoft Visual Studio Solution File, Format Version 12.00
# Visual Studio Version 16
VisualStudioVersion = 16.0.31313.79
MinimumVisualStudioVersion = 10.0.40219.1
Project("{FAE04EC0-301F-11D3-BF4B-00C04F79EFBC}") = "Ado.Net_EmpPayRoll", "Ado.Net_EmpPayRoll\Ado.Net_EmpPayRoll.csproj", "{C567E333-70F9-44E9-9E19-C78B6EE869EF}"
EndProject
Global
	GlobalSection(SolutionConfigurationPlatforms) = preSolution
		Debug|Any CPU = Debug|Any CPU
		Release|Any CPU = Release|Any CPU
	EndGlobalSection
	GlobalSection(ProjectConfigurationPlatforms) = postSolution
		{C567E333-70F9-44E9-9E19-C78B6EE869EF}.Debug|Any CPU.ActiveCfg = Debug|Any CPU
		{C567E333-70F9-44E9-9E19-C78B6EE869EF}.Debug|Any CPU.Build.0 = Debug|Any CPU
		{C567E333-70F9-44E9-9E19-C78B6EE869EF}.Release|Any CPU.ActiveCfg = Release|Any CPU
		{C567E333-70F9-44E9-9E19-C78B6EE869EF}.Release|Any CPU.Build.0 = Release|Any CPU
	EndGlobalSection
	GlobalSection(SolutionProperties) = preSolution
		HideSolutionNode = FALSE
	EndGlobalSection
	GlobalSection(ExtensibilityGlobals) = postSolution
		SolutionGuid = {2AA38663-DC4E-406C-B096-9857446ACB05}
	EndGlobalSection
EndGlobal
